
Microsoft Visual Studio Solution File, Format Version 12.00
# Visual Studio 15
VisualStudioVersion = 15.0.28307.329
MinimumVisualStudioVersion = 10.0.40219.1
Project("{FAE04EC0-301F-11D3-BF4B-00C04F79EFBC}") = "日志书写器", "日志书写器.csproj", "{C246C629-6B2C-47D2-A709-BFE1C5A9E0AB}"
EndProject
Global
	GlobalSection(SolutionConfigurationPlatforms) = preSolution
		Debug|Any CPU = Debug|Any CPU
		Release|Any CPU = Release|Any CPU
	EndGlobalSection
	GlobalSection(ProjectConfigurationPlatforms) = postSolution
		{C246C629-6B2C-47D2-A709-BFE1C5A9E0AB}.Debug|Any CPU.ActiveCfg = Debug|Any CPU
		{C246C629-6B2C-47D2-A709-BFE1C5A9E0AB}.Debug|Any CPU.Build.0 = Debug|Any CPU
		{C246C629-6B2C-47D2-A709-BFE1C5A9E0AB}.Release|Any CPU.ActiveCfg = Release|Any CPU
		{C246C629-6B2C-47D2-A709-BFE1C5A9E0AB}.Release|Any CPU.Build.0 = Release|Any CPU
	EndGlobalSection
	GlobalSection(SolutionProperties) = preSolution
		HideSolutionNode = FALSE
	EndGlobalSection
	GlobalSection(ExtensibilityGlobals) = postSolution
		SolutionGuid = {6AEB8CDB-89C7-4EE8-94AA-F8926029A794}
	EndGlobalSection
EndGlobal
